
Microsoft Visual Studio Solution File, Format Version 12.00
# Visual Studio 15
VisualStudioVersion = 15.0.26730.16
MinimumVisualStudioVersion = 10.0.40219.1
Project("{FAE04EC0-301F-11D3-BF4B-00C04F79EFBC}") = "ThumbnailSharp", "ThumbnailSharp\ThumbnailSharp.csproj", "{0F6E03AA-E5D9-4E2C-BE26-A7C396705BDF}"
EndProject
Global
	GlobalSection(SolutionConfigurationPlatforms) = preSolution
		Debug|Any CPU = Debug|Any CPU
		Release|Any CPU = Release|Any CPU
	EndGlobalSection
	GlobalSection(ProjectConfigurationPlatforms) = postSolution
		{0F6E03AA-E5D9-4E2C-BE26-A7C396705BDF}.Debug|Any CPU.ActiveCfg = Debug|Any CPU
		{0F6E03AA-E5D9-4E2C-BE26-A7C396705BDF}.Debug|Any CPU.Build.0 = Debug|Any CPU
		{0F6E03AA-E5D9-4E2C-BE26-A7C396705BDF}.Release|Any CPU.ActiveCfg = Release|Any CPU
		{0F6E03AA-E5D9-4E2C-BE26-A7C396705BDF}.Release|Any CPU.Build.0 = Release|Any CPU
	EndGlobalSection
	GlobalSection(SolutionProperties) = preSolution
		HideSolutionNode = FALSE
	EndGlobalSection
	GlobalSection(ExtensibilityGlobals) = postSolution
		SolutionGuid = {3FA8D01B-D065-4A3C-A311-D634F2C08FB1}
	EndGlobalSection
EndGlobal
